{
  "name": "finetunemusic",
  "version": "3.3.0",
  "lockfileVersion": 1,
  "requires": true,
  "dependencies": {
    "barba.js": {
      "version": "1.0.0",
      "resolved": "https://registry.npmjs.org/barba.js/-/barba.js-1.0.0.tgz",
      "integrity": "sha1-PB1zWPDT+HcZyxvbd1vkF8knP30="
    },
    "cloudinary-core": {
      "version": "2.3.0",
      "resolved": "https://registry.npmjs.org/cloudinary-core/-/cloudinary-core-2.3.0.tgz",
      "integrity": "sha1-VeswGYVE7ystJSMAWm8h1Utwi0c=",
      "requires": {
        "lodash": ">=3.0"
      }
    },
    "dom-walk": {
      "version": "0.1.1",
      "resolved": "https://registry.npmjs.org/dom-walk/-/dom-walk-0.1.1.tgz",
      "integrity": "sha1-ZyIm3HTI95mtNTB9+TaroRrNYBg="
    },
    "fluidvids.js": {
      "version": "github:toddmotto/fluidvids#b6ca991b5ac1f7792b3cfb992607284b21fb3177",
      "from": "fluidvids.js@github:toddmotto/fluidvids#b6ca991b5ac1f7792b3cfb992607284b21fb3177"
    },
    "global": {
      "version": "4.3.2",
      "resolved": "https://registry.npmjs.org/global/-/global-4.3.2.tgz",
      "integrity": "sha1-52mJJopsdMOJCLEwWxD8DjlOnQ8=",
      "requires": {
        "min-document": "^2.19.0",
        "process": "~0.5.1"
      }
    },
    "gsap": {
      "version": "1.20.2",
      "resolved": "https://registry.npmjs.org/gsap/-/gsap-1.20.2.tgz",
      "integrity": "sha512-W9xoPNkFIFmpeg6d0G6vt+ph9Mog7m6mRsUSqTHQqcuc/ujEreomH6gEeMnoM8du8Y1bqwCWgPbgKX+yXvFuDg=="
    },
    "jquery": {
      "version": "3.5.1",
      "resolved": "https://registry.npmjs.org/jquery/-/jquery-3.5.1.tgz",
      "integrity": "sha512-XwIBPqcMn57FxfT+Go5pzySnm4KWkT1Tv7gjrpT1srtf8Weynl6R273VJ5GjkRb51IzMp5nbaPjJXMWeju2MKg=="
    },
    "lodash": {
      "version": "4.17.19",
      "resolved": "https://registry.npmjs.org/lodash/-/lodash-4.17.19.tgz",
      "integrity": "sha512-JNvd8XER9GQX0v2qJgsaN/mzFCNA5BRe/j8JN9d+tWyGLSodKQHKFicdwNYzWwI3wjRnaKPsGj1XkBjx/F96DQ=="
    },
    "mediaelement": {
      "version": "3.2.4",
      "resolved": "https://registry.npmjs.org/mediaelement/-/mediaelement-3.2.4.tgz",
      "integrity": "sha1-FPrpiM7F4j8x2dD0xWS00QN3Gdg=",
      "requires": {
        "global": "^4.3.1"
      }
    },
    "min-document": {
      "version": "2.19.0",
      "resolved": "https://registry.npmjs.org/min-document/-/min-document-2.19.0.tgz",
      "integrity": "sha1-e9KC4/WELtKVu3SM3Z8f+iyCRoU=",
      "requires": {
        "dom-walk": "^0.1.0"
      }
    },
    "moveto": {
      "version": "1.6.1",
      "resolved": "https://registry.npmjs.org/moveto/-/moveto-1.6.1.tgz",
      "integrity": "sha1-89M8dsN6EyM3ShPKuoEwjcprkWs="
    },
    "process": {
      "version": "0.5.2",
      "resolved": "https://registry.npmjs.org/process/-/process-0.5.2.tgz",
      "integrity": "sha1-FjjYqONML0QKkduVq5rrZ3/Bhc8="
    },
    "susy": {
      "version": "2.2.12",
      "resolved": "https://registry.npmjs.org/susy/-/susy-2.2.12.tgz",
      "integrity": "sha1-ZEwkQe0A0pMofo1JoBbb+RkhWVM=",
      "dev": true
    }
  }
}
